<?xml version="1.0" encoding="utf-8"?>
<Project ToolsVersion="4.0" xmlns="http://schemas.microsoft.com/developer/msbuild/2003">
  <ItemGroup>
    <ClCompile Include="src\Sandbox.cpp" />
    <ClCompile Include="src\main.cpp" />
    <ClCompile Include="src\scenes\d3d9-tutorials\Vertices.cpp" />
    <ClCompile Include="src\scenes\d3d9-tutorials\Matrices.cpp" />
  </ItemGroup>
  <ItemGroup>
    <Manifest Include="Sandbox.manifest" />
  </ItemGroup>
  <ItemGroup>
    <ClInclude Include="src\Sandbox.h" />
    <ClInclude Include="src\IScene.h" />
    <ClInclude Include="src\scenes\d3d9-tutorials\Vertices.h" />
    <ClInclude Include="src\scenes\d3d9-tutorials\Matrices.h" />
  </ItemGroup>
</Project>