<?xml version="1.0" encoding="utf-8"?>
<Project ToolsVersion="4.0" xmlns="http://schemas.microsoft.com/developer/msbuild/2003">
  <ItemGroup>
    <ClCompile Include="src\Sandbox.cpp" />
    <ClCompile Include="src\d3d9_tutorials\Vertices.cpp" />
    <ClCompile Include="src\d3d9_tutorials\Matrices.cpp" />
    <ClCompile Include="src\d3d9_tutorials\Lights.cpp" />
    <ClCompile Include="src\d3d9_tutorials\Textures.cpp" />
    <ClCompile Include="src\d3d9_tutorials\Device.cpp" />
  </ItemGroup>
  <ItemGroup>
    <Manifest Include="Sandbox.manifest" />
  </ItemGroup>
  <ItemGroup>
    <ClInclude Include="src\Sandbox.h" />
    <ClInclude Include="src\ITestCase.h" />
    <ClInclude Include="src\d3d9_tutorials\Vertices.h" />
    <ClInclude Include="src\d3d9_tutorials\Matrices.h" />
    <ClInclude Include="src\d3d9_tutorials\Lights.h" />
    <ClInclude Include="src\d3d9_tutorials\Textures.h" />
    <ClInclude Include="src\d3d9_tutorials\Device.h" />
  </ItemGroup>
  <ItemGroup>
    <None Include="BasaltApp.props" />
  </ItemGroup>
</Project>