
Microsoft Visual Studio Solution File, Format Version 12.00
# Visual Studio Version 16
VisualStudioVersion = 16.0.28803.352
MinimumVisualStudioVersion = 10.0.40219.1
Project("{8BC9CEB8-8B4A-11D0-8D11-00A0C91BC942}") = "Sandbox", "sandbox\Sandbox.vcxproj", "{96C9FF62-ADEC-4083-B527-E83624317B4E}"
EndProject
Project("{2150E333-8FDC-42A3-9474-1A3956D46DE8}") = "external", "external", "{F3208677-87E9-4837-A282-4E40BB549A7F}"
EndProject
Project("{8BC9CEB8-8B4A-11D0-8D11-00A0C91BC942}") = "DearImGui", "external\DearImGui\DearImGui.vcxproj", "{B1A92639-8420-47CC-8101-ABB4F82D7649}"
EndProject
Project("{8BC9CEB8-8B4A-11D0-8D11-00A0C91BC942}") = "Fmt", "external\Fmt\Fmt.vcxproj", "{DDE86B7B-A6AB-47BF-B6D6-B8E9DD67BA12}"
EndProject
Project("{8BC9CEB8-8B4A-11D0-8D11-00A0C91BC942}") = "Runtime", "runtime\Runtime.vcxproj", "{5CD3BE49-51E3-4D4C-B3B7-47262FC53969}"
EndProject
Project("{8BC9CEB8-8B4A-11D0-8D11-00A0C91BC942}") = "App", "runtime\App.vcxproj", "{3A793261-A377-48A0-974A-F26DA516E506}"
EndProject
Project("{8BC9CEB8-8B4A-11D0-8D11-00A0C91BC942}") = "spdlog", "external\spdlog\spdlog.vcxproj", "{5B0BE96D-2C1B-448C-8CC3-1AC475AD569A}"
EndProject
Global
	GlobalSection(SolutionConfigurationPlatforms) = preSolution
		Debug|x86-64 = Debug|x86-64
		Release|x86-64 = Release|x86-64
		RelWithDebInfo|x86-64 = RelWithDebInfo|x86-64
	EndGlobalSection
	GlobalSection(ProjectConfigurationPlatforms) = postSolution
		{96C9FF62-ADEC-4083-B527-E83624317B4E}.Debug|x86-64.ActiveCfg = Debug|x64
		{96C9FF62-ADEC-4083-B527-E83624317B4E}.Debug|x86-64.Build.0 = Debug|x64
		{96C9FF62-ADEC-4083-B527-E83624317B4E}.Release|x86-64.ActiveCfg = Release|x64
		{96C9FF62-ADEC-4083-B527-E83624317B4E}.Release|x86-64.Build.0 = Release|x64
		{96C9FF62-ADEC-4083-B527-E83624317B4E}.RelWithDebInfo|x86-64.ActiveCfg = RelWithDebInfo|x64
		{96C9FF62-ADEC-4083-B527-E83624317B4E}.RelWithDebInfo|x86-64.Build.0 = RelWithDebInfo|x64
		{B1A92639-8420-47CC-8101-ABB4F82D7649}.Debug|x86-64.ActiveCfg = Debug|x64
		{B1A92639-8420-47CC-8101-ABB4F82D7649}.Debug|x86-64.Build.0 = Debug|x64
		{B1A92639-8420-47CC-8101-ABB4F82D7649}.Release|x86-64.ActiveCfg = Release|x64
		{B1A92639-8420-47CC-8101-ABB4F82D7649}.Release|x86-64.Build.0 = Release|x64
		{B1A92639-8420-47CC-8101-ABB4F82D7649}.RelWithDebInfo|x86-64.ActiveCfg = RelWithDebInfo|x64
		{B1A92639-8420-47CC-8101-ABB4F82D7649}.RelWithDebInfo|x86-64.Build.0 = RelWithDebInfo|x64
		{DDE86B7B-A6AB-47BF-B6D6-B8E9DD67BA12}.Debug|x86-64.ActiveCfg = Debug|x64
		{DDE86B7B-A6AB-47BF-B6D6-B8E9DD67BA12}.Debug|x86-64.Build.0 = Debug|x64
		{DDE86B7B-A6AB-47BF-B6D6-B8E9DD67BA12}.Release|x86-64.ActiveCfg = Release|x64
		{DDE86B7B-A6AB-47BF-B6D6-B8E9DD67BA12}.Release|x86-64.Build.0 = Release|x64
		{DDE86B7B-A6AB-47BF-B6D6-B8E9DD67BA12}.RelWithDebInfo|x86-64.ActiveCfg = RelWithDebInfo|x64
		{DDE86B7B-A6AB-47BF-B6D6-B8E9DD67BA12}.RelWithDebInfo|x86-64.Build.0 = RelWithDebInfo|x64
		{5CD3BE49-51E3-4D4C-B3B7-47262FC53969}.Debug|x86-64.ActiveCfg = Debug|x64
		{5CD3BE49-51E3-4D4C-B3B7-47262FC53969}.Debug|x86-64.Build.0 = Debug|x64
		{5CD3BE49-51E3-4D4C-B3B7-47262FC53969}.Release|x86-64.ActiveCfg = Release|x64
		{5CD3BE49-51E3-4D4C-B3B7-47262FC53969}.Release|x86-64.Build.0 = Release|x64
		{5CD3BE49-51E3-4D4C-B3B7-47262FC53969}.RelWithDebInfo|x86-64.ActiveCfg = RelWithDebInfo|x64
		{5CD3BE49-51E3-4D4C-B3B7-47262FC53969}.RelWithDebInfo|x86-64.Build.0 = RelWithDebInfo|x64
		{3A793261-A377-48A0-974A-F26DA516E506}.Debug|x86-64.ActiveCfg = Debug|x64
		{3A793261-A377-48A0-974A-F26DA516E506}.Debug|x86-64.Build.0 = Debug|x64
		{3A793261-A377-48A0-974A-F26DA516E506}.Release|x86-64.ActiveCfg = Release|x64
		{3A793261-A377-48A0-974A-F26DA516E506}.Release|x86-64.Build.0 = Release|x64
		{3A793261-A377-48A0-974A-F26DA516E506}.RelWithDebInfo|x86-64.ActiveCfg = RelWithDebInfo|x64
		{3A793261-A377-48A0-974A-F26DA516E506}.RelWithDebInfo|x86-64.Build.0 = RelWithDebInfo|x64
		{5B0BE96D-2C1B-448C-8CC3-1AC475AD569A}.Debug|x86-64.ActiveCfg = Debug|x64
		{5B0BE96D-2C1B-448C-8CC3-1AC475AD569A}.Debug|x86-64.Build.0 = Debug|x64
		{5B0BE96D-2C1B-448C-8CC3-1AC475AD569A}.Release|x86-64.ActiveCfg = Release|x64
		{5B0BE96D-2C1B-448C-8CC3-1AC475AD569A}.Release|x86-64.Build.0 = Release|x64
		{5B0BE96D-2C1B-448C-8CC3-1AC475AD569A}.RelWithDebInfo|x86-64.ActiveCfg = RelWithDebInfo|x64
		{5B0BE96D-2C1B-448C-8CC3-1AC475AD569A}.RelWithDebInfo|x86-64.Build.0 = RelWithDebInfo|x64
	EndGlobalSection
	GlobalSection(SolutionProperties) = preSolution
		HideSolutionNode = FALSE
	EndGlobalSection
	GlobalSection(NestedProjects) = preSolution
		{B1A92639-8420-47CC-8101-ABB4F82D7649} = {F3208677-87E9-4837-A282-4E40BB549A7F}
		{DDE86B7B-A6AB-47BF-B6D6-B8E9DD67BA12} = {F3208677-87E9-4837-A282-4E40BB549A7F}
		{5B0BE96D-2C1B-448C-8CC3-1AC475AD569A} = {F3208677-87E9-4837-A282-4E40BB549A7F}
	EndGlobalSection
	GlobalSection(ExtensibilityGlobals) = postSolution
		SolutionGuid = {574E3214-9EDD-4999-839F-780FEAC5E9B4}
	EndGlobalSection
EndGlobal
