
Microsoft Visual Studio Solution File, Format Version 12.00
# Visual Studio Version 16
VisualStudioVersion = 16.0.28803.352
MinimumVisualStudioVersion = 10.0.40219.1
Project("{8BC9CEB8-8B4A-11D0-8D11-00A0C91BC942}") = "Sandbox", "Sandbox\Sandbox.vcxproj", "{96C9FF62-ADEC-4083-B527-E83624317B4E}"
EndProject
Project("{8BC9CEB8-8B4A-11D0-8D11-00A0C91BC942}") = "Engine", "Engine\Engine.vcxproj", "{4E70B276-7749-40A3-8568-0068BAA94811}"
EndProject
Project("{2150E333-8FDC-42A3-9474-1A3956D46DE8}") = "external", "external", "{F3208677-87E9-4837-A282-4E40BB549A7F}"
EndProject
Project("{8BC9CEB8-8B4A-11D0-8D11-00A0C91BC942}") = "DearImGui", "external\DearImGui\DearImGui.vcxproj", "{B1A92639-8420-47CC-8101-ABB4F82D7649}"
EndProject
Project("{2150E333-8FDC-42A3-9474-1A3956D46DE8}") = "platforms", "platforms", "{CE40577E-430B-43A5-806E-CC407AA81019}"
EndProject
Project("{8BC9CEB8-8B4A-11D0-8D11-00A0C91BC942}") = "Win32", "platforms\Win32\Win32.vcxproj", "{0126A10E-861E-4C3C-BDEF-11DAA83B3388}"
EndProject
Project("{2150E333-8FDC-42A3-9474-1A3956D46DE8}") = "backends", "backends", "{576D698D-02CB-4AC2-B6BB-49B84B0B694E}"
EndProject
Project("{2150E333-8FDC-42A3-9474-1A3956D46DE8}") = "gfx", "gfx", "{4BDDC9E8-A638-4D37-BBB4-E6FBF7EEB721}"
EndProject
Project("{8BC9CEB8-8B4A-11D0-8D11-00A0C91BC942}") = "Direct3D9", "backends\gfx\Direct3D9\Direct3D9.vcxproj", "{E8DD2BCD-1D94-4EAB-9A04-ABFFEDFC1B68}"
EndProject
Project("{8BC9CEB8-8B4A-11D0-8D11-00A0C91BC942}") = "Fmt", "external\Fmt\Fmt.vcxproj", "{DDE86B7B-A6AB-47BF-B6D6-B8E9DD67BA12}"
EndProject
Project("{2150E333-8FDC-42A3-9474-1A3956D46DE8}") = "shared", "shared", "{A954CD02-BE35-418C-AD03-0A10F357CA69}"
EndProject
Project("{8BC9CEB8-8B4A-11D0-8D11-00A0C91BC942}") = "Win32Shared", "shared\Win32Shared\Win32Shared.vcxproj", "{CE0F63BA-792B-4AA9-A134-3E70BF63C577}"
EndProject
Global
	GlobalSection(SolutionConfigurationPlatforms) = preSolution
		Debug|x86-64 = Debug|x86-64
		Release|x86-64 = Release|x86-64
	EndGlobalSection
	GlobalSection(ProjectConfigurationPlatforms) = postSolution
		{96C9FF62-ADEC-4083-B527-E83624317B4E}.Debug|x86-64.ActiveCfg = Debug|x64
		{96C9FF62-ADEC-4083-B527-E83624317B4E}.Debug|x86-64.Build.0 = Debug|x64
		{96C9FF62-ADEC-4083-B527-E83624317B4E}.Release|x86-64.ActiveCfg = Release|x64
		{96C9FF62-ADEC-4083-B527-E83624317B4E}.Release|x86-64.Build.0 = Release|x64
		{4E70B276-7749-40A3-8568-0068BAA94811}.Debug|x86-64.ActiveCfg = Debug|x64
		{4E70B276-7749-40A3-8568-0068BAA94811}.Debug|x86-64.Build.0 = Debug|x64
		{4E70B276-7749-40A3-8568-0068BAA94811}.Release|x86-64.ActiveCfg = Release|x64
		{4E70B276-7749-40A3-8568-0068BAA94811}.Release|x86-64.Build.0 = Release|x64
		{B1A92639-8420-47CC-8101-ABB4F82D7649}.Debug|x86-64.ActiveCfg = Debug|x64
		{B1A92639-8420-47CC-8101-ABB4F82D7649}.Debug|x86-64.Build.0 = Debug|x64
		{B1A92639-8420-47CC-8101-ABB4F82D7649}.Release|x86-64.ActiveCfg = Release|x64
		{B1A92639-8420-47CC-8101-ABB4F82D7649}.Release|x86-64.Build.0 = Release|x64
		{0126A10E-861E-4C3C-BDEF-11DAA83B3388}.Debug|x86-64.ActiveCfg = Debug|x64
		{0126A10E-861E-4C3C-BDEF-11DAA83B3388}.Debug|x86-64.Build.0 = Debug|x64
		{0126A10E-861E-4C3C-BDEF-11DAA83B3388}.Release|x86-64.ActiveCfg = Release|x64
		{0126A10E-861E-4C3C-BDEF-11DAA83B3388}.Release|x86-64.Build.0 = Release|x64
		{E8DD2BCD-1D94-4EAB-9A04-ABFFEDFC1B68}.Debug|x86-64.ActiveCfg = Debug|x64
		{E8DD2BCD-1D94-4EAB-9A04-ABFFEDFC1B68}.Debug|x86-64.Build.0 = Debug|x64
		{E8DD2BCD-1D94-4EAB-9A04-ABFFEDFC1B68}.Release|x86-64.ActiveCfg = Release|x64
		{E8DD2BCD-1D94-4EAB-9A04-ABFFEDFC1B68}.Release|x86-64.Build.0 = Release|x64
		{DDE86B7B-A6AB-47BF-B6D6-B8E9DD67BA12}.Debug|x86-64.ActiveCfg = Debug|x64
		{DDE86B7B-A6AB-47BF-B6D6-B8E9DD67BA12}.Debug|x86-64.Build.0 = Debug|x64
		{DDE86B7B-A6AB-47BF-B6D6-B8E9DD67BA12}.Release|x86-64.ActiveCfg = Release|x64
		{DDE86B7B-A6AB-47BF-B6D6-B8E9DD67BA12}.Release|x86-64.Build.0 = Release|x64
		{CE0F63BA-792B-4AA9-A134-3E70BF63C577}.Debug|x86-64.ActiveCfg = Debug|x64
		{CE0F63BA-792B-4AA9-A134-3E70BF63C577}.Debug|x86-64.Build.0 = Debug|x64
		{CE0F63BA-792B-4AA9-A134-3E70BF63C577}.Release|x86-64.ActiveCfg = Release|x64
		{CE0F63BA-792B-4AA9-A134-3E70BF63C577}.Release|x86-64.Build.0 = Release|x64
	EndGlobalSection
	GlobalSection(SolutionProperties) = preSolution
		HideSolutionNode = FALSE
	EndGlobalSection
	GlobalSection(NestedProjects) = preSolution
		{B1A92639-8420-47CC-8101-ABB4F82D7649} = {F3208677-87E9-4837-A282-4E40BB549A7F}
		{0126A10E-861E-4C3C-BDEF-11DAA83B3388} = {CE40577E-430B-43A5-806E-CC407AA81019}
		{4BDDC9E8-A638-4D37-BBB4-E6FBF7EEB721} = {576D698D-02CB-4AC2-B6BB-49B84B0B694E}
		{E8DD2BCD-1D94-4EAB-9A04-ABFFEDFC1B68} = {4BDDC9E8-A638-4D37-BBB4-E6FBF7EEB721}
		{DDE86B7B-A6AB-47BF-B6D6-B8E9DD67BA12} = {F3208677-87E9-4837-A282-4E40BB549A7F}
		{CE0F63BA-792B-4AA9-A134-3E70BF63C577} = {A954CD02-BE35-418C-AD03-0A10F357CA69}
	EndGlobalSection
	GlobalSection(ExtensibilityGlobals) = postSolution
		SolutionGuid = {574E3214-9EDD-4999-839F-780FEAC5E9B4}
	EndGlobalSection
EndGlobal
