<?xml version="1.0" encoding="utf-8"?>
<Project ToolsVersion="4.0" xmlns="http://schemas.microsoft.com/developer/msbuild/2003">
  <ItemGroup>
    <ClCompile Include="runtime\shared\Asserts.cpp">
      <Filter>shared</Filter>
    </ClCompile>
    <ClCompile Include="runtime\shared\Log.cpp">
      <Filter>shared</Filter>
    </ClCompile>
    <ClCompile Include="runtime\math\Mat4.cpp">
      <Filter>math</Filter>
    </ClCompile>
    <ClCompile Include="runtime\Input.cpp" />
    <ClCompile Include="runtime\gfx\Camera.cpp">
      <Filter>gfx</Filter>
    </ClCompile>
    <ClCompile Include="runtime\gfx\Gfx.cpp">
      <Filter>gfx</Filter>
    </ClCompile>
    <ClCompile Include="runtime\math\Vec2.cpp">
      <Filter>math</Filter>
    </ClCompile>
    <ClCompile Include="runtime\math\Vec3.cpp">
      <Filter>math</Filter>
    </ClCompile>
    <ClCompile Include="runtime\dear_imgui.cpp" />
    <ClCompile Include="runtime\gfx\backend\render_command.cpp">
      <Filter>gfx\backend</Filter>
    </ClCompile>
    <ClCompile Include="runtime\scene\transform.cpp">
      <Filter>scene</Filter>
    </ClCompile>
    <ClCompile Include="runtime\debug.cpp" />
    <ClCompile Include="runtime\scene\scene.cpp">
      <Filter>scene</Filter>
    </ClCompile>
  </ItemGroup>
  <ItemGroup>
    <ClInclude Include="runtime\shared\Asserts.h">
      <Filter>shared</Filter>
    </ClInclude>
    <ClInclude Include="runtime\shared\Color.h">
      <Filter>shared</Filter>
    </ClInclude>
    <ClInclude Include="runtime\shared\Config.h">
      <Filter>shared</Filter>
    </ClInclude>
    <ClInclude Include="runtime\shared\Handle.h">
      <Filter>shared</Filter>
    </ClInclude>
    <ClInclude Include="runtime\shared\HandlePool.h">
      <Filter>shared</Filter>
    </ClInclude>
    <ClInclude Include="runtime\shared\Log.h">
      <Filter>shared</Filter>
    </ClInclude>
    <ClInclude Include="runtime\shared\Types.h">
      <Filter>shared</Filter>
    </ClInclude>
    <ClInclude Include="runtime\math\Constants.h">
      <Filter>math</Filter>
    </ClInclude>
    <ClInclude Include="runtime\math\Mat4.h">
      <Filter>math</Filter>
    </ClInclude>
    <ClInclude Include="runtime\math\Vec2.h">
      <Filter>math</Filter>
    </ClInclude>
    <ClInclude Include="runtime\math\Vec3.h">
      <Filter>math</Filter>
    </ClInclude>
    <ClInclude Include="runtime\gfx\backend\Types.h">
      <Filter>gfx\backend</Filter>
    </ClInclude>
    <ClInclude Include="runtime\gfx\backend\IRenderer.h">
      <Filter>gfx\backend</Filter>
    </ClInclude>
    <ClInclude Include="runtime\platform\Platform.h">
      <Filter>platform</Filter>
    </ClInclude>
    <ClInclude Include="runtime\Engine.h" />
    <ClInclude Include="runtime\Input.h" />
    <ClInclude Include="runtime\gfx\Camera.h">
      <Filter>gfx</Filter>
    </ClInclude>
    <ClInclude Include="runtime\gfx\Gfx.h">
      <Filter>gfx</Filter>
    </ClInclude>
    <ClInclude Include="runtime\shared\Size2D.h">
      <Filter>shared</Filter>
    </ClInclude>
    <ClInclude Include="runtime\shared\Data.h">
      <Filter>shared</Filter>
    </ClInclude>
    <ClInclude Include="runtime\gfx\backend\context.h">
      <Filter>gfx\backend</Filter>
    </ClInclude>
    <ClInclude Include="runtime\dear_imgui.h" />
    <ClInclude Include="runtime\gfx\backend\render_command.h">
      <Filter>gfx\backend</Filter>
    </ClInclude>
    <ClInclude Include="runtime\gfx\types.h">
      <Filter>gfx</Filter>
    </ClInclude>
    <ClInclude Include="runtime\client_app.h" />
    <ClInclude Include="runtime\scene\types.h">
      <Filter>scene</Filter>
    </ClInclude>
    <ClInclude Include="runtime\scene\transform.h">
      <Filter>scene</Filter>
    </ClInclude>
    <ClInclude Include="runtime\debug.h" />
    <ClInclude Include="runtime\scene\scene.h">
      <Filter>scene</Filter>
    </ClInclude>
    <ClInclude Include="runtime\prelude.h" />
    <ClInclude Include="runtime\types.h" />
  </ItemGroup>
  <ItemGroup>
    <Filter Include="platform">
      <UniqueIdentifier>{048f201e-9fdc-4f55-a823-eda82a4ca401}</UniqueIdentifier>
    </Filter>
    <Filter Include="gfx">
      <UniqueIdentifier>{06e8f581-f901-48f2-a7fc-84668b56cb98}</UniqueIdentifier>
    </Filter>
    <Filter Include="gfx\backend">
      <UniqueIdentifier>{ed4e4284-5c30-4ac5-bbfb-7abca00d487b}</UniqueIdentifier>
    </Filter>
    <Filter Include="shared">
      <UniqueIdentifier>{edbd60a1-b3e5-468e-a505-5174e4efa2e8}</UniqueIdentifier>
    </Filter>
    <Filter Include="math">
      <UniqueIdentifier>{31be4d67-d608-4c74-a95c-318cf4132785}</UniqueIdentifier>
    </Filter>
    <Filter Include="scene">
      <UniqueIdentifier>{7a0f3822-a52e-4443-8845-ec0e7fb828d9}</UniqueIdentifier>
    </Filter>
  </ItemGroup>
</Project>