<?xml version="1.0" encoding="utf-8"?>
<Project ToolsVersion="4.0" xmlns="http://schemas.microsoft.com/developer/msbuild/2003">
  <ItemGroup>
    <ClCompile Include="runtime\dear_imgui.cpp" />
    <ClCompile Include="runtime\gfx\backend\render_command.cpp">
      <Filter>gfx\backend</Filter>
    </ClCompile>
    <ClCompile Include="runtime\scene\transform.cpp">
      <Filter>scene</Filter>
    </ClCompile>
    <ClCompile Include="runtime\debug.cpp" />
    <ClCompile Include="runtime\scene\scene.cpp">
      <Filter>scene</Filter>
    </ClCompile>
    <ClCompile Include="runtime\engine.cpp" />
    <ClCompile Include="runtime\gfx\scene_view.cpp">
      <Filter>gfx</Filter>
    </ClCompile>
    <ClCompile Include="runtime\gfx\visual.cpp">
      <Filter>gfx</Filter>
    </ClCompile>
    <ClCompile Include="runtime\gfx\compositor.cpp">
      <Filter>gfx</Filter>
    </ClCompile>
    <ClCompile Include="runtime\gfx\draw_target.cpp">
      <Filter>gfx</Filter>
    </ClCompile>
    <ClCompile Include="runtime\input.cpp" />
    <ClCompile Include="runtime\gfx\camera.cpp">
      <Filter>gfx</Filter>
    </ClCompile>
    <ClCompile Include="runtime\math\mat4.cpp">
      <Filter>math</Filter>
    </ClCompile>
    <ClCompile Include="runtime\math\vec2.cpp">
      <Filter>math</Filter>
    </ClCompile>
    <ClCompile Include="runtime\math\vec3.cpp">
      <Filter>math</Filter>
    </ClCompile>
    <ClCompile Include="runtime\shared\asserts.cpp">
      <Filter>shared</Filter>
    </ClCompile>
    <ClCompile Include="runtime\shared\log.cpp">
      <Filter>shared</Filter>
    </ClCompile>
  </ItemGroup>
  <ItemGroup>
    <ClInclude Include="runtime\gfx\backend\context.h">
      <Filter>gfx\backend</Filter>
    </ClInclude>
    <ClInclude Include="runtime\dear_imgui.h" />
    <ClInclude Include="runtime\gfx\backend\render_command.h">
      <Filter>gfx\backend</Filter>
    </ClInclude>
    <ClInclude Include="runtime\gfx\types.h">
      <Filter>gfx</Filter>
    </ClInclude>
    <ClInclude Include="runtime\client_app.h" />
    <ClInclude Include="runtime\scene\types.h">
      <Filter>scene</Filter>
    </ClInclude>
    <ClInclude Include="runtime\scene\transform.h">
      <Filter>scene</Filter>
    </ClInclude>
    <ClInclude Include="runtime\debug.h" />
    <ClInclude Include="runtime\scene\scene.h">
      <Filter>scene</Filter>
    </ClInclude>
    <ClInclude Include="runtime\prelude.h" />
    <ClInclude Include="runtime\types.h" />
    <ClInclude Include="runtime\gfx\scene_view.h">
      <Filter>gfx</Filter>
    </ClInclude>
    <ClInclude Include="runtime\gfx\visual.h">
      <Filter>gfx</Filter>
    </ClInclude>
    <ClInclude Include="runtime\gfx\drawable.h">
      <Filter>gfx</Filter>
    </ClInclude>
    <ClInclude Include="runtime\gfx\compositor.h">
      <Filter>gfx</Filter>
    </ClInclude>
    <ClInclude Include="runtime\gfx\draw_target.h">
      <Filter>gfx</Filter>
    </ClInclude>
    <ClInclude Include="runtime\engine.h" />
    <ClInclude Include="runtime\input.h" />
    <ClInclude Include="runtime\gfx\camera.h">
      <Filter>gfx</Filter>
    </ClInclude>
    <ClInclude Include="runtime\gfx\backend\types.h">
      <Filter>gfx\backend</Filter>
    </ClInclude>
    <ClInclude Include="runtime\platform\platform.h">
      <Filter>platform</Filter>
    </ClInclude>
    <ClInclude Include="runtime\math\constants.h">
      <Filter>math</Filter>
    </ClInclude>
    <ClInclude Include="runtime\math\mat4.h">
      <Filter>math</Filter>
    </ClInclude>
    <ClInclude Include="runtime\math\vec2.h">
      <Filter>math</Filter>
    </ClInclude>
    <ClInclude Include="runtime\math\vec3.h">
      <Filter>math</Filter>
    </ClInclude>
    <ClInclude Include="runtime\shared\types.h">
      <Filter>shared</Filter>
    </ClInclude>
    <ClInclude Include="runtime\shared\size2d.h">
      <Filter>shared</Filter>
    </ClInclude>
    <ClInclude Include="runtime\shared\log.h">
      <Filter>shared</Filter>
    </ClInclude>
    <ClInclude Include="runtime\shared\handle_pool.h">
      <Filter>shared</Filter>
    </ClInclude>
    <ClInclude Include="runtime\shared\handle.h">
      <Filter>shared</Filter>
    </ClInclude>
    <ClInclude Include="runtime\shared\data.h">
      <Filter>shared</Filter>
    </ClInclude>
    <ClInclude Include="runtime\shared\config.h">
      <Filter>shared</Filter>
    </ClInclude>
    <ClInclude Include="runtime\shared\color.h">
      <Filter>shared</Filter>
    </ClInclude>
    <ClInclude Include="runtime\shared\asserts.h">
      <Filter>shared</Filter>
    </ClInclude>
    <ClInclude Include="runtime\gfx\backend\device.h">
      <Filter>gfx\backend</Filter>
    </ClInclude>
  </ItemGroup>
  <ItemGroup>
    <Filter Include="platform">
      <UniqueIdentifier>{048f201e-9fdc-4f55-a823-eda82a4ca401}</UniqueIdentifier>
    </Filter>
    <Filter Include="gfx">
      <UniqueIdentifier>{06e8f581-f901-48f2-a7fc-84668b56cb98}</UniqueIdentifier>
    </Filter>
    <Filter Include="gfx\backend">
      <UniqueIdentifier>{ed4e4284-5c30-4ac5-bbfb-7abca00d487b}</UniqueIdentifier>
    </Filter>
    <Filter Include="shared">
      <UniqueIdentifier>{edbd60a1-b3e5-468e-a505-5174e4efa2e8}</UniqueIdentifier>
    </Filter>
    <Filter Include="math">
      <UniqueIdentifier>{31be4d67-d608-4c74-a95c-318cf4132785}</UniqueIdentifier>
    </Filter>
    <Filter Include="scene">
      <UniqueIdentifier>{7a0f3822-a52e-4443-8845-ec0e7fb828d9}</UniqueIdentifier>
    </Filter>
  </ItemGroup>
</Project>