<?xml version="1.0" encoding="utf-8"?>
<Project ToolsVersion="4.0" xmlns="http://schemas.microsoft.com/developer/msbuild/2003">
  <ItemGroup>
    <ClCompile Include="app\main.cpp" />
    <ClCompile Include="app\d3d9\context.cpp">
      <Filter>d3d9</Filter>
    </ClCompile>
    <ClCompile Include="app\shared\util.cpp">
      <Filter>shared</Filter>
    </ClCompile>
    <ClCompile Include="app\util.cpp" />
    <ClCompile Include="app\app.cpp" />
    <ClCompile Include="app\engine.cpp" />
    <ClCompile Include="app\debug.cpp" />
    <ClCompile Include="app\window.cpp" />
    <ClCompile Include="app\d3d9\factory.cpp">
      <Filter>d3d9</Filter>
    </ClCompile>
    <ClCompile Include="app\d3d9\device.cpp">
      <Filter>d3d9</Filter>
    </ClCompile>
    <ClCompile Include="app\gfx\debug.cpp">
      <Filter>gfx</Filter>
    </ClCompile>
    <ClCompile Include="app\gfx\utils.cpp">
      <Filter>gfx</Filter>
    </ClCompile>
    <ClCompile Include="app\base\platform.cpp">
      <Filter>base</Filter>
    </ClCompile>
    <ClCompile Include="app\gfx\compositor.cpp">
      <Filter>gfx</Filter>
    </ClCompile>
  </ItemGroup>
  <ItemGroup>
    <ClInclude Include="app\d3d9\context.h">
      <Filter>d3d9</Filter>
    </ClInclude>
    <ClInclude Include="app\d3d9\util.h">
      <Filter>d3d9</Filter>
    </ClInclude>
    <ClInclude Include="app\d3d9\d3d9_custom.h">
      <Filter>d3d9</Filter>
    </ClInclude>
    <ClInclude Include="app\shared\Windows_custom.h">
      <Filter>shared</Filter>
    </ClInclude>
    <ClInclude Include="app\shared\util.h">
      <Filter>shared</Filter>
    </ClInclude>
    <ClInclude Include="app\util.h" />
    <ClInclude Include="app\key_map.h" />
    <ClInclude Include="app\app.h" />
    <ClInclude Include="app\d3d9\types.h">
      <Filter>d3d9</Filter>
    </ClInclude>
    <ClInclude Include="app\build_config.h" />
    <ClInclude Include="app\debug.h" />
    <ClInclude Include="app\window.h" />
    <ClInclude Include="app\d3d9\factory.h">
      <Filter>d3d9</Filter>
    </ClInclude>
    <ClInclude Include="app\d3d9\device.h">
      <Filter>d3d9</Filter>
    </ClInclude>
    <ClInclude Include="app\gfx\debug.h">
      <Filter>gfx</Filter>
    </ClInclude>
    <ClInclude Include="app\gfx\types.h">
      <Filter>gfx</Filter>
    </ClInclude>
    <ClInclude Include="app\gfx\utils.h">
      <Filter>gfx</Filter>
    </ClInclude>
    <ClInclude Include="app\types.h" />
    <ClInclude Include="app\gfx\compositor.h">
      <Filter>gfx</Filter>
    </ClInclude>
  </ItemGroup>
  <ItemGroup>
    <Filter Include="d3d9">
      <UniqueIdentifier>{997b614f-a00f-4e31-9f0d-c78a448c90b2}</UniqueIdentifier>
    </Filter>
    <Filter Include="shared">
      <UniqueIdentifier>{7c76cdc2-0e39-4628-8c2f-402e1f43aaa0}</UniqueIdentifier>
    </Filter>
    <Filter Include="gfx">
      <UniqueIdentifier>{e2c268bd-bc89-4669-8465-2547ba4b5da0}</UniqueIdentifier>
    </Filter>
    <Filter Include="base">
      <UniqueIdentifier>{ac152609-034d-4726-8054-a91d70b68ce4}</UniqueIdentifier>
    </Filter>
  </ItemGroup>
  <ItemGroup>
    <Manifest Include="App.manifest" />
  </ItemGroup>
</Project>