<?xml version="1.0" encoding="utf-8"?>
<Project ToolsVersion="4.0" xmlns="http://schemas.microsoft.com/developer/msbuild/2003">
  <ItemGroup>
    <ClInclude Include="include\basalt\gfx\backend\D3D9Header.h" />
    <ClInclude Include="include\basalt\gfx\backend\D3D9Util.h" />
    <ClInclude Include="include\basalt\gfx\backend\D3D9Renderer.h" />
  </ItemGroup>
  <ItemGroup>
    <ClCompile Include="src\D3D9Renderer.cpp" />
  </ItemGroup>
</Project>