<?xml version="1.0" encoding="utf-8"?>
<Project ToolsVersion="4.0" xmlns="http://schemas.microsoft.com/developer/msbuild/2003">
  <ItemGroup>
    <ClCompile Include="api\dear_imgui.cpp" />
    <ClCompile Include="api\scene\transform.cpp">
      <Filter>scene</Filter>
    </ClCompile>
    <ClCompile Include="api\debug.cpp" />
    <ClCompile Include="api\scene\scene.cpp">
      <Filter>scene</Filter>
    </ClCompile>
    <ClCompile Include="api\engine.cpp" />
    <ClCompile Include="api\gfx\scene_view.cpp">
      <Filter>gfx</Filter>
    </ClCompile>
    <ClCompile Include="api\gfx\compositor.cpp">
      <Filter>gfx</Filter>
    </ClCompile>
    <ClCompile Include="api\gfx\draw_target.cpp">
      <Filter>gfx</Filter>
    </ClCompile>
    <ClCompile Include="api\input.cpp" />
    <ClCompile Include="api\gfx\camera.cpp">
      <Filter>gfx</Filter>
    </ClCompile>
    <ClCompile Include="api\math\mat4.cpp">
      <Filter>math</Filter>
    </ClCompile>
    <ClCompile Include="api\shared\asserts.cpp">
      <Filter>shared</Filter>
    </ClCompile>
    <ClCompile Include="api\shared\log.cpp">
      <Filter>shared</Filter>
    </ClCompile>
    <ClCompile Include="api\gfx\backend\command_list.cpp">
      <Filter>gfx\backend</Filter>
    </ClCompile>
    <ClCompile Include="api\gfx\backend\composite.cpp">
      <Filter>gfx\backend</Filter>
    </ClCompile>
    <ClCompile Include="api\gfx\device_state_cache.cpp">
      <Filter>gfx</Filter>
    </ClCompile>
    <ClCompile Include="api\gfx\command_list_recorder.cpp">
      <Filter>gfx</Filter>
    </ClCompile>
    <ClCompile Include="api\gfx\resource_cache.cpp">
      <Filter>gfx</Filter>
    </ClCompile>
    <ClCompile Include="api\math\vector3.cpp">
      <Filter>math</Filter>
    </ClCompile>
    <ClCompile Include="api\shared\resource_registry.cpp">
      <Filter>shared</Filter>
    </ClCompile>
    <ClCompile Include="api\gfx\solid_color_view.cpp">
      <Filter>gfx</Filter>
    </ClCompile>
  </ItemGroup>
  <ItemGroup>
    <ClInclude Include="api\gfx\backend\context.h">
      <Filter>gfx\backend</Filter>
    </ClInclude>
    <ClInclude Include="api\dear_imgui.h" />
    <ClInclude Include="api\gfx\types.h">
      <Filter>gfx</Filter>
    </ClInclude>
    <ClInclude Include="api\client_app.h" />
    <ClInclude Include="api\scene\types.h">
      <Filter>scene</Filter>
    </ClInclude>
    <ClInclude Include="api\scene\transform.h">
      <Filter>scene</Filter>
    </ClInclude>
    <ClInclude Include="api\debug.h" />
    <ClInclude Include="api\scene\scene.h">
      <Filter>scene</Filter>
    </ClInclude>
    <ClInclude Include="api\prelude.h" />
    <ClInclude Include="api\types.h" />
    <ClInclude Include="api\gfx\scene_view.h">
      <Filter>gfx</Filter>
    </ClInclude>
    <ClInclude Include="api\gfx\drawable.h">
      <Filter>gfx</Filter>
    </ClInclude>
    <ClInclude Include="api\gfx\compositor.h">
      <Filter>gfx</Filter>
    </ClInclude>
    <ClInclude Include="api\gfx\draw_target.h">
      <Filter>gfx</Filter>
    </ClInclude>
    <ClInclude Include="api\engine.h" />
    <ClInclude Include="api\input.h" />
    <ClInclude Include="api\gfx\camera.h">
      <Filter>gfx</Filter>
    </ClInclude>
    <ClInclude Include="api\gfx\backend\types.h">
      <Filter>gfx\backend</Filter>
    </ClInclude>
    <ClInclude Include="api\math\constants.h">
      <Filter>math</Filter>
    </ClInclude>
    <ClInclude Include="api\math\mat4.h">
      <Filter>math</Filter>
    </ClInclude>
    <ClInclude Include="api\shared\size2d.h">
      <Filter>shared</Filter>
    </ClInclude>
    <ClInclude Include="api\shared\log.h">
      <Filter>shared</Filter>
    </ClInclude>
    <ClInclude Include="api\shared\handle_pool.h">
      <Filter>shared</Filter>
    </ClInclude>
    <ClInclude Include="api\shared\handle.h">
      <Filter>shared</Filter>
    </ClInclude>
    <ClInclude Include="api\shared\data.h">
      <Filter>shared</Filter>
    </ClInclude>
    <ClInclude Include="api\shared\config.h">
      <Filter>shared</Filter>
    </ClInclude>
    <ClInclude Include="api\shared\color.h">
      <Filter>shared</Filter>
    </ClInclude>
    <ClInclude Include="api\shared\asserts.h">
      <Filter>shared</Filter>
    </ClInclude>
    <ClInclude Include="api\gfx\backend\device.h">
      <Filter>gfx\backend</Filter>
    </ClInclude>
    <ClInclude Include="api\gfx\backend\command_list.h">
      <Filter>gfx\backend</Filter>
    </ClInclude>
    <ClInclude Include="api\gfx\backend\commands.h">
      <Filter>gfx\backend</Filter>
    </ClInclude>
    <ClInclude Include="api\gfx\backend\composite.h">
      <Filter>gfx\backend</Filter>
    </ClInclude>
    <ClInclude Include="api\gfx\backend\ext\dear_imgui_renderer.h">
      <Filter>gfx\backend\ext</Filter>
    </ClInclude>
    <ClInclude Include="api\gfx\backend\ext\extension.h">
      <Filter>gfx\backend\ext</Filter>
    </ClInclude>
    <ClInclude Include="api\gfx\device_state_cache.h">
      <Filter>gfx</Filter>
    </ClInclude>
    <ClInclude Include="api\gfx\command_list_recorder.h">
      <Filter>gfx</Filter>
    </ClInclude>
    <ClInclude Include="api\gfx\resource_cache.h">
      <Filter>gfx</Filter>
    </ClInclude>
    <ClInclude Include="api\gfx\backend\ext\x_model_support.h">
      <Filter>gfx\backend\ext</Filter>
    </ClInclude>
    <ClInclude Include="api\gfx\backend\ext\types.h">
      <Filter>gfx\backend\ext</Filter>
    </ClInclude>
    <ClInclude Include="api\gfx\backend\utils.h">
      <Filter>gfx\backend</Filter>
    </ClInclude>
    <ClInclude Include="api\base\types.h">
      <Filter>base</Filter>
    </ClInclude>
    <ClInclude Include="api\math\vector3.h">
      <Filter>math</Filter>
    </ClInclude>
    <ClInclude Include="api\base\vec.h">
      <Filter>base</Filter>
    </ClInclude>
    <ClInclude Include="api\shared\types.h">
      <Filter>shared</Filter>
    </ClInclude>
    <ClInclude Include="api\math\types.h">
      <Filter>math</Filter>
    </ClInclude>
    <ClInclude Include="api\base\utils.h">
      <Filter>base</Filter>
    </ClInclude>
    <ClInclude Include="api\base\enum_array.h">
      <Filter>base</Filter>
    </ClInclude>
    <ClInclude Include="api\shared\resource_registry.h">
      <Filter>shared</Filter>
    </ClInclude>
    <ClInclude Include="api\base\platform.h">
      <Filter>base</Filter>
    </ClInclude>
    <ClInclude Include="api\gfx\solid_color_view.h">
      <Filter>gfx</Filter>
    </ClInclude>
  </ItemGroup>
  <ItemGroup>
    <Filter Include="gfx">
      <UniqueIdentifier>{06e8f581-f901-48f2-a7fc-84668b56cb98}</UniqueIdentifier>
    </Filter>
    <Filter Include="gfx\backend">
      <UniqueIdentifier>{ed4e4284-5c30-4ac5-bbfb-7abca00d487b}</UniqueIdentifier>
    </Filter>
    <Filter Include="shared">
      <UniqueIdentifier>{edbd60a1-b3e5-468e-a505-5174e4efa2e8}</UniqueIdentifier>
    </Filter>
    <Filter Include="math">
      <UniqueIdentifier>{31be4d67-d608-4c74-a95c-318cf4132785}</UniqueIdentifier>
    </Filter>
    <Filter Include="scene">
      <UniqueIdentifier>{7a0f3822-a52e-4443-8845-ec0e7fb828d9}</UniqueIdentifier>
    </Filter>
    <Filter Include="gfx\backend\ext">
      <UniqueIdentifier>{3ab4b26b-9966-4030-834a-beb12cfa9763}</UniqueIdentifier>
    </Filter>
    <Filter Include="base">
      <UniqueIdentifier>{00b29e6f-b537-479c-9478-d93a9f3b12aa}</UniqueIdentifier>
    </Filter>
  </ItemGroup>
</Project>